{
    "name": "@brendangooch/bespoke-card-game-settings",
    "version": "1.0.0",
    "lockfileVersion": 3,
    "requires": true,
    "packages": {
        "": {
            "name": "@brendangooch/bespoke-card-game-settings",
            "version": "1.0.0",
            "license": "MIT",
            "dependencies": {
                "@brendangooch/card-game-settings": "^2.0.0"
            },
            "devDependencies": {
                "typescript": "^5.7.2"
            }
        },
        "node_modules/@brendangooch/card-game-settings": {
            "version": "2.0.0",
            "resolved": "https://registry.npmjs.org/@brendangooch/card-game-settings/-/card-game-settings-2.0.0.tgz",
            "integrity": "sha512-8dZ75c0GEhk/dDkjq07esmHB8eb6gs9Sjnoc56WnEbc58VbhnFSkhbT9O3fdgbePQOpZnpRZbezzgombiANjUw==",
            "license": "MIT"
        },
        "node_modules/typescript": {
            "version": "5.7.2",
            "resolved": "https://registry.npmjs.org/typescript/-/typescript-5.7.2.tgz",
            "integrity": "sha512-i5t66RHxDvVN40HfDd1PsEThGNnlMCMT3jMUuoh9/0TaqWevNontacunWyN02LA9/fIbEWlcHZcgTKb9QoaLfg==",
            "dev": true,
            "license": "Apache-2.0",
            "bin": {
                "tsc": "bin/tsc",
                "tsserver": "bin/tsserver"
            },
            "engines": {
                "node": ">=14.17"
            }
        }
    }
}
